{
  "version": 4,
  "terraform_version": "1.9.5",
  "serial": 17,
  "lineage": "1cf8144f-decd-f72e-7e5b-2015753208f0",
  "outputs": {
    "gateway_ips": {
      "value": "13.89.236.53",
      "type": "string"
    },
    "nat_gateway_id": {
      "value": {
        "id": "/subscriptions/5829e5b8-4cfc-4f19-b681-ff3198b496d8/resourceGroups/my-app-resources/providers/Microsoft.Network/natGateways/my-nat-gateway",
        "idle_timeout_in_minutes": 10,
        "location": "centralus",
        "name": "my-nat-gateway",
        "resource_group_name": "my-app-resources",
        "resource_guid": "1efedf15-21bc-4a5c-8d68-c64e8252428d",
        "sku_name": "Standard",
        "tags": {},
        "timeouts": null,
        "zones": []
      },
      "type": [
        "object",
        {
          "id": "string",
          "idle_timeout_in_minutes": "number",
          "location": "string",
          "name": "string",
          "resource_group_name": "string",
          "resource_guid": "string",
          "sku_name": "string",
          "tags": [
            "map",
            "string"
          ],
          "timeouts": [
            "object",
            {
              "create": "string",
              "delete": "string",
              "read": "string",
              "update": "string"
            }
          ],
          "zones": [
            "set",
            "string"
          ]
        }
      ]
    },
    "subnet_ids": {
      "value": {
        "private-subnet-1": "/subscriptions/5829e5b8-4cfc-4f19-b681-ff3198b496d8/resourceGroups/my-app-resources/providers/Microsoft.Network/virtualNetworks/my-app-vnet/subnets/private-subnet-1",
        "private-subnet-2": "/subscriptions/5829e5b8-4cfc-4f19-b681-ff3198b496d8/resourceGroups/my-app-resources/providers/Microsoft.Network/virtualNetworks/my-app-vnet/subnets/private-subnet-2",
        "private-subnet-3": "/subscriptions/5829e5b8-4cfc-4f19-b681-ff3198b496d8/resourceGroups/my-app-resources/providers/Microsoft.Network/virtualNetworks/my-app-vnet/subnets/private-subnet-3",
        "public-subnet-1": "/subscriptions/5829e5b8-4cfc-4f19-b681-ff3198b496d8/resourceGroups/my-app-resources/providers/Microsoft.Network/virtualNetworks/my-app-vnet/subnets/public-subnet-1",
        "public-subnet-2": "/subscriptions/5829e5b8-4cfc-4f19-b681-ff3198b496d8/resourceGroups/my-app-resources/providers/Microsoft.Network/virtualNetworks/my-app-vnet/subnets/public-subnet-2",
        "public-subnet-3": "/subscriptions/5829e5b8-4cfc-4f19-b681-ff3198b496d8/resourceGroups/my-app-resources/providers/Microsoft.Network/virtualNetworks/my-app-vnet/subnets/public-subnet-3"
      },
      "type": [
        "object",
        {
          "private-subnet-1": "string",
          "private-subnet-2": "string",
          "private-subnet-3": "string",
          "public-subnet-1": "string",
          "public-subnet-2": "string",
          "public-subnet-3": "string"
        }
      ]
    }
  },
  "resources": [
    {
      "mode": "managed",
      "type": "azurerm_nat_gateway",
      "name": "nat_gateway",
      "provider": "provider[\"registry.terraform.io/hashicorp/azurerm\"]",
      "instances": [
        {
          "schema_version": 0,
          "attributes": {
            "id": "/subscriptions/5829e5b8-4cfc-4f19-b681-ff3198b496d8/resourceGroups/my-app-resources/providers/Microsoft.Network/natGateways/my-nat-gateway",
            "idle_timeout_in_minutes": 10,
            "location": "centralus",
            "name": "my-nat-gateway",
            "resource_group_name": "my-app-resources",
            "resource_guid": "1efedf15-21bc-4a5c-8d68-c64e8252428d",
            "sku_name": "Standard",
            "tags": {},
            "timeouts": null,
            "zones": []
          },
          "sensitive_attributes": [],
          "private": "eyJlMmJmYjczMC1lY2FhLTExZTYtOGY4OC0zNDM2M2JjN2M0YzAiOnsiY3JlYXRlIjozNjAwMDAwMDAwMDAwLCJkZWxldGUiOjM2MDAwMDAwMDAwMDAsInJlYWQiOjMwMDAwMDAwMDAwMCwidXBkYXRlIjozNjAwMDAwMDAwMDAwfX0="
        }
      ]
    },
    {
      "mode": "managed",
      "type": "azurerm_nat_gateway_public_ip_association",
      "name": "nat_gateway_ip_association",
      "provider": "provider[\"registry.terraform.io/hashicorp/azurerm\"]",
      "instances": [
        {
          "schema_version": 0,
          "attributes": {
            "id": "/subscriptions/5829e5b8-4cfc-4f19-b681-ff3198b496d8/resourceGroups/my-app-resources/providers/Microsoft.Network/natGateways/my-nat-gateway|/subscriptions/5829e5b8-4cfc-4f19-b681-ff3198b496d8/resourceGroups/my-app-resources/providers/Microsoft.Network/publicIPAddresses/nat-gateway-ip",
            "nat_gateway_id": "/subscriptions/5829e5b8-4cfc-4f19-b681-ff3198b496d8/resourceGroups/my-app-resources/providers/Microsoft.Network/natGateways/my-nat-gateway",
            "public_ip_address_id": "/subscriptions/5829e5b8-4cfc-4f19-b681-ff3198b496d8/resourceGroups/my-app-resources/providers/Microsoft.Network/publicIPAddresses/nat-gateway-ip",
            "timeouts": null
          },
          "sensitive_attributes": [],
          "private": "eyJlMmJmYjczMC1lY2FhLTExZTYtOGY4OC0zNDM2M2JjN2M0YzAiOnsiY3JlYXRlIjoxODAwMDAwMDAwMDAwLCJkZWxldGUiOjE4MDAwMDAwMDAwMDAsInJlYWQiOjMwMDAwMDAwMDAwMH19",
          "dependencies": [
            "azurerm_nat_gateway.nat_gateway",
            "azurerm_public_ip.nat_gateway_ip"
          ]
        }
      ]
    },
    {
      "mode": "managed",
      "type": "azurerm_public_ip",
      "name": "nat_gateway_ip",
      "provider": "provider[\"registry.terraform.io/hashicorp/azurerm\"]",
      "instances": [
        {
          "schema_version": 0,
          "attributes": {
            "allocation_method": "Static",
            "ddos_protection_mode": "VirtualNetworkInherited",
            "ddos_protection_plan_id": null,
            "domain_name_label": null,
            "edge_zone": "",
            "fqdn": null,
            "id": "/subscriptions/5829e5b8-4cfc-4f19-b681-ff3198b496d8/resourceGroups/my-app-resources/providers/Microsoft.Network/publicIPAddresses/nat-gateway-ip",
            "idle_timeout_in_minutes": 4,
            "ip_address": "13.89.236.53",
            "ip_tags": {},
            "ip_version": "IPv4",
            "location": "centralus",
            "name": "nat-gateway-ip",
            "public_ip_prefix_id": null,
            "resource_group_name": "my-app-resources",
            "reverse_fqdn": null,
            "sku": "Standard",
            "sku_tier": "Regional",
            "tags": {},
            "timeouts": null,
            "zones": []
          },
          "sensitive_attributes": [],
          "private": "eyJlMmJmYjczMC1lY2FhLTExZTYtOGY4OC0zNDM2M2JjN2M0YzAiOnsiY3JlYXRlIjoxODAwMDAwMDAwMDAwLCJkZWxldGUiOjE4MDAwMDAwMDAwMDAsInJlYWQiOjMwMDAwMDAwMDAwMCwidXBkYXRlIjoxODAwMDAwMDAwMDAwfX0="
        }
      ]
    },
    {
      "mode": "managed",
      "type": "azurerm_subnet_nat_gateway_association",
      "name": "subnet_nat_associations",
      "provider": "provider[\"registry.terraform.io/hashicorp/azurerm\"]",
      "instances": [
        {
          "index_key": "private-subnet-1",
          "schema_version": 0,
          "attributes": {
            "id": "/subscriptions/5829e5b8-4cfc-4f19-b681-ff3198b496d8/resourceGroups/my-app-resources/providers/Microsoft.Network/virtualNetworks/my-app-vnet/subnets/private-subnet-1",
            "nat_gateway_id": "/subscriptions/5829e5b8-4cfc-4f19-b681-ff3198b496d8/resourceGroups/my-app-resources/providers/Microsoft.Network/natGateways/my-nat-gateway",
            "subnet_id": "/subscriptions/5829e5b8-4cfc-4f19-b681-ff3198b496d8/resourceGroups/my-app-resources/providers/Microsoft.Network/virtualNetworks/my-app-vnet/subnets/private-subnet-1",
            "timeouts": null
          },
          "sensitive_attributes": [],
          "private": "eyJlMmJmYjczMC1lY2FhLTExZTYtOGY4OC0zNDM2M2JjN2M0YzAiOnsiY3JlYXRlIjoxODAwMDAwMDAwMDAwLCJkZWxldGUiOjE4MDAwMDAwMDAwMDAsInJlYWQiOjMwMDAwMDAwMDAwMH19",
          "dependencies": [
            "azurerm_nat_gateway.nat_gateway",
            "module.my-app-vnet.azurerm_subnet.subnet_count",
            "module.my-app-vnet.azurerm_subnet.subnet_for_each",
            "module.my-app-vnet.azurerm_virtual_network.vnet"
          ]
        },
        {
          "index_key": "private-subnet-2",
          "schema_version": 0,
          "attributes": {
            "id": "/subscriptions/5829e5b8-4cfc-4f19-b681-ff3198b496d8/resourceGroups/my-app-resources/providers/Microsoft.Network/virtualNetworks/my-app-vnet/subnets/private-subnet-2",
            "nat_gateway_id": "/subscriptions/5829e5b8-4cfc-4f19-b681-ff3198b496d8/resourceGroups/my-app-resources/providers/Microsoft.Network/natGateways/my-nat-gateway",
            "subnet_id": "/subscriptions/5829e5b8-4cfc-4f19-b681-ff3198b496d8/resourceGroups/my-app-resources/providers/Microsoft.Network/virtualNetworks/my-app-vnet/subnets/private-subnet-2",
            "timeouts": null
          },
          "sensitive_attributes": [],
          "private": "eyJlMmJmYjczMC1lY2FhLTExZTYtOGY4OC0zNDM2M2JjN2M0YzAiOnsiY3JlYXRlIjoxODAwMDAwMDAwMDAwLCJkZWxldGUiOjE4MDAwMDAwMDAwMDAsInJlYWQiOjMwMDAwMDAwMDAwMH19",
          "dependencies": [
            "azurerm_nat_gateway.nat_gateway",
            "module.my-app-vnet.azurerm_subnet.subnet_count",
            "module.my-app-vnet.azurerm_subnet.subnet_for_each",
            "module.my-app-vnet.azurerm_virtual_network.vnet"
          ]
        },
        {
          "index_key": "private-subnet-3",
          "schema_version": 0,
          "attributes": {
            "id": "/subscriptions/5829e5b8-4cfc-4f19-b681-ff3198b496d8/resourceGroups/my-app-resources/providers/Microsoft.Network/virtualNetworks/my-app-vnet/subnets/private-subnet-3",
            "nat_gateway_id": "/subscriptions/5829e5b8-4cfc-4f19-b681-ff3198b496d8/resourceGroups/my-app-resources/providers/Microsoft.Network/natGateways/my-nat-gateway",
            "subnet_id": "/subscriptions/5829e5b8-4cfc-4f19-b681-ff3198b496d8/resourceGroups/my-app-resources/providers/Microsoft.Network/virtualNetworks/my-app-vnet/subnets/private-subnet-3",
            "timeouts": null
          },
          "sensitive_attributes": [],
          "private": "eyJlMmJmYjczMC1lY2FhLTExZTYtOGY4OC0zNDM2M2JjN2M0YzAiOnsiY3JlYXRlIjoxODAwMDAwMDAwMDAwLCJkZWxldGUiOjE4MDAwMDAwMDAwMDAsInJlYWQiOjMwMDAwMDAwMDAwMH19",
          "dependencies": [
            "azurerm_nat_gateway.nat_gateway",
            "module.my-app-vnet.azurerm_subnet.subnet_count",
            "module.my-app-vnet.azurerm_subnet.subnet_for_each",
            "module.my-app-vnet.azurerm_virtual_network.vnet"
          ]
        }
      ]
    },
    {
      "module": "module.my-app-vnet",
      "mode": "managed",
      "type": "azurerm_subnet",
      "name": "subnet_for_each",
      "provider": "provider[\"registry.terraform.io/hashicorp/azurerm\"]",
      "instances": [
        {
          "index_key": "private-subnet-1",
          "schema_version": 0,
          "attributes": {
            "address_prefixes": [
              "10.0.4.0/24"
            ],
            "default_outbound_access_enabled": true,
            "delegation": [],
            "enforce_private_link_endpoint_network_policies": false,
            "enforce_private_link_service_network_policies": false,
            "id": "/subscriptions/5829e5b8-4cfc-4f19-b681-ff3198b496d8/resourceGroups/my-app-resources/providers/Microsoft.Network/virtualNetworks/my-app-vnet/subnets/private-subnet-1",
            "name": "private-subnet-1",
            "private_endpoint_network_policies": "Enabled",
            "private_endpoint_network_policies_enabled": true,
            "private_link_service_network_policies_enabled": true,
            "resource_group_name": "my-app-resources",
            "service_endpoint_policy_ids": [],
            "service_endpoints": [],
            "timeouts": null,
            "virtual_network_name": "my-app-vnet"
          },
          "sensitive_attributes": [],
          "private": "eyJlMmJmYjczMC1lY2FhLTExZTYtOGY4OC0zNDM2M2JjN2M0YzAiOnsiY3JlYXRlIjoxODAwMDAwMDAwMDAwLCJkZWxldGUiOjE4MDAwMDAwMDAwMDAsInJlYWQiOjMwMDAwMDAwMDAwMCwidXBkYXRlIjoxODAwMDAwMDAwMDAwfX0=",
          "dependencies": [
            "module.my-app-vnet.azurerm_virtual_network.vnet"
          ]
        },
        {
          "index_key": "private-subnet-2",
          "schema_version": 0,
          "attributes": {
            "address_prefixes": [
              "10.0.5.0/24"
            ],
            "default_outbound_access_enabled": true,
            "delegation": [],
            "enforce_private_link_endpoint_network_policies": false,
            "enforce_private_link_service_network_policies": false,
            "id": "/subscriptions/5829e5b8-4cfc-4f19-b681-ff3198b496d8/resourceGroups/my-app-resources/providers/Microsoft.Network/virtualNetworks/my-app-vnet/subnets/private-subnet-2",
            "name": "private-subnet-2",
            "private_endpoint_network_policies": "Enabled",
            "private_endpoint_network_policies_enabled": true,
            "private_link_service_network_policies_enabled": true,
            "resource_group_name": "my-app-resources",
            "service_endpoint_policy_ids": [],
            "service_endpoints": [],
            "timeouts": null,
            "virtual_network_name": "my-app-vnet"
          },
          "sensitive_attributes": [],
          "private": "eyJlMmJmYjczMC1lY2FhLTExZTYtOGY4OC0zNDM2M2JjN2M0YzAiOnsiY3JlYXRlIjoxODAwMDAwMDAwMDAwLCJkZWxldGUiOjE4MDAwMDAwMDAwMDAsInJlYWQiOjMwMDAwMDAwMDAwMCwidXBkYXRlIjoxODAwMDAwMDAwMDAwfX0=",
          "dependencies": [
            "module.my-app-vnet.azurerm_virtual_network.vnet"
          ]
        },
        {
          "index_key": "private-subnet-3",
          "schema_version": 0,
          "attributes": {
            "address_prefixes": [
              "10.0.6.0/24"
            ],
            "default_outbound_access_enabled": true,
            "delegation": [],
            "enforce_private_link_endpoint_network_policies": false,
            "enforce_private_link_service_network_policies": false,
            "id": "/subscriptions/5829e5b8-4cfc-4f19-b681-ff3198b496d8/resourceGroups/my-app-resources/providers/Microsoft.Network/virtualNetworks/my-app-vnet/subnets/private-subnet-3",
            "name": "private-subnet-3",
            "private_endpoint_network_policies": "Enabled",
            "private_endpoint_network_policies_enabled": true,
            "private_link_service_network_policies_enabled": true,
            "resource_group_name": "my-app-resources",
            "service_endpoint_policy_ids": [],
            "service_endpoints": [],
            "timeouts": null,
            "virtual_network_name": "my-app-vnet"
          },
          "sensitive_attributes": [],
          "private": "eyJlMmJmYjczMC1lY2FhLTExZTYtOGY4OC0zNDM2M2JjN2M0YzAiOnsiY3JlYXRlIjoxODAwMDAwMDAwMDAwLCJkZWxldGUiOjE4MDAwMDAwMDAwMDAsInJlYWQiOjMwMDAwMDAwMDAwMCwidXBkYXRlIjoxODAwMDAwMDAwMDAwfX0=",
          "dependencies": [
            "module.my-app-vnet.azurerm_virtual_network.vnet"
          ]
        },
        {
          "index_key": "public-subnet-1",
          "schema_version": 0,
          "attributes": {
            "address_prefixes": [
              "10.0.1.0/24"
            ],
            "default_outbound_access_enabled": true,
            "delegation": [],
            "enforce_private_link_endpoint_network_policies": false,
            "enforce_private_link_service_network_policies": false,
            "id": "/subscriptions/5829e5b8-4cfc-4f19-b681-ff3198b496d8/resourceGroups/my-app-resources/providers/Microsoft.Network/virtualNetworks/my-app-vnet/subnets/public-subnet-1",
            "name": "public-subnet-1",
            "private_endpoint_network_policies": "Enabled",
            "private_endpoint_network_policies_enabled": true,
            "private_link_service_network_policies_enabled": true,
            "resource_group_name": "my-app-resources",
            "service_endpoint_policy_ids": [],
            "service_endpoints": [],
            "timeouts": null,
            "virtual_network_name": "my-app-vnet"
          },
          "sensitive_attributes": [],
          "private": "eyJlMmJmYjczMC1lY2FhLTExZTYtOGY4OC0zNDM2M2JjN2M0YzAiOnsiY3JlYXRlIjoxODAwMDAwMDAwMDAwLCJkZWxldGUiOjE4MDAwMDAwMDAwMDAsInJlYWQiOjMwMDAwMDAwMDAwMCwidXBkYXRlIjoxODAwMDAwMDAwMDAwfX0=",
          "dependencies": [
            "module.my-app-vnet.azurerm_virtual_network.vnet"
          ]
        },
        {
          "index_key": "public-subnet-2",
          "schema_version": 0,
          "attributes": {
            "address_prefixes": [
              "10.0.2.0/24"
            ],
            "default_outbound_access_enabled": true,
            "delegation": [],
            "enforce_private_link_endpoint_network_policies": false,
            "enforce_private_link_service_network_policies": false,
            "id": "/subscriptions/5829e5b8-4cfc-4f19-b681-ff3198b496d8/resourceGroups/my-app-resources/providers/Microsoft.Network/virtualNetworks/my-app-vnet/subnets/public-subnet-2",
            "name": "public-subnet-2",
            "private_endpoint_network_policies": "Enabled",
            "private_endpoint_network_policies_enabled": true,
            "private_link_service_network_policies_enabled": true,
            "resource_group_name": "my-app-resources",
            "service_endpoint_policy_ids": [],
            "service_endpoints": [],
            "timeouts": null,
            "virtual_network_name": "my-app-vnet"
          },
          "sensitive_attributes": [],
          "private": "eyJlMmJmYjczMC1lY2FhLTExZTYtOGY4OC0zNDM2M2JjN2M0YzAiOnsiY3JlYXRlIjoxODAwMDAwMDAwMDAwLCJkZWxldGUiOjE4MDAwMDAwMDAwMDAsInJlYWQiOjMwMDAwMDAwMDAwMCwidXBkYXRlIjoxODAwMDAwMDAwMDAwfX0=",
          "dependencies": [
            "module.my-app-vnet.azurerm_virtual_network.vnet"
          ]
        },
        {
          "index_key": "public-subnet-3",
          "schema_version": 0,
          "attributes": {
            "address_prefixes": [
              "10.0.3.0/24"
            ],
            "default_outbound_access_enabled": true,
            "delegation": [],
            "enforce_private_link_endpoint_network_policies": false,
            "enforce_private_link_service_network_policies": false,
            "id": "/subscriptions/5829e5b8-4cfc-4f19-b681-ff3198b496d8/resourceGroups/my-app-resources/providers/Microsoft.Network/virtualNetworks/my-app-vnet/subnets/public-subnet-3",
            "name": "public-subnet-3",
            "private_endpoint_network_policies": "Enabled",
            "private_endpoint_network_policies_enabled": true,
            "private_link_service_network_policies_enabled": true,
            "resource_group_name": "my-app-resources",
            "service_endpoint_policy_ids": [],
            "service_endpoints": [],
            "timeouts": null,
            "virtual_network_name": "my-app-vnet"
          },
          "sensitive_attributes": [],
          "private": "eyJlMmJmYjczMC1lY2FhLTExZTYtOGY4OC0zNDM2M2JjN2M0YzAiOnsiY3JlYXRlIjoxODAwMDAwMDAwMDAwLCJkZWxldGUiOjE4MDAwMDAwMDAwMDAsInJlYWQiOjMwMDAwMDAwMDAwMCwidXBkYXRlIjoxODAwMDAwMDAwMDAwfX0=",
          "dependencies": [
            "module.my-app-vnet.azurerm_virtual_network.vnet"
          ]
        }
      ]
    },
    {
      "module": "module.my-app-vnet",
      "mode": "managed",
      "type": "azurerm_virtual_network",
      "name": "vnet",
      "provider": "provider[\"registry.terraform.io/hashicorp/azurerm\"]",
      "instances": [
        {
          "schema_version": 0,
          "attributes": {
            "address_space": [
              "10.0.0.0/16"
            ],
            "bgp_community": "",
            "ddos_protection_plan": [],
            "dns_servers": [],
            "edge_zone": "",
            "encryption": [],
            "flow_timeout_in_minutes": 0,
            "guid": "f5cc67ae-f502-4ae4-b2b8-7814087522f9",
            "id": "/subscriptions/5829e5b8-4cfc-4f19-b681-ff3198b496d8/resourceGroups/my-app-resources/providers/Microsoft.Network/virtualNetworks/my-app-vnet",
            "location": "centralus",
            "name": "my-app-vnet",
            "resource_group_name": "my-app-resources",
            "subnet": [
              {
                "address_prefix": "10.0.1.0/24",
                "id": "/subscriptions/5829e5b8-4cfc-4f19-b681-ff3198b496d8/resourceGroups/my-app-resources/providers/Microsoft.Network/virtualNetworks/my-app-vnet/subnets/public-subnet-1",
                "name": "public-subnet-1",
                "security_group": ""
              },
              {
                "address_prefix": "10.0.2.0/24",
                "id": "/subscriptions/5829e5b8-4cfc-4f19-b681-ff3198b496d8/resourceGroups/my-app-resources/providers/Microsoft.Network/virtualNetworks/my-app-vnet/subnets/public-subnet-2",
                "name": "public-subnet-2",
                "security_group": ""
              },
              {
                "address_prefix": "10.0.3.0/24",
                "id": "/subscriptions/5829e5b8-4cfc-4f19-b681-ff3198b496d8/resourceGroups/my-app-resources/providers/Microsoft.Network/virtualNetworks/my-app-vnet/subnets/public-subnet-3",
                "name": "public-subnet-3",
                "security_group": ""
              },
              {
                "address_prefix": "10.0.4.0/24",
                "id": "/subscriptions/5829e5b8-4cfc-4f19-b681-ff3198b496d8/resourceGroups/my-app-resources/providers/Microsoft.Network/virtualNetworks/my-app-vnet/subnets/private-subnet-1",
                "name": "private-subnet-1",
                "security_group": ""
              },
              {
                "address_prefix": "10.0.5.0/24",
                "id": "/subscriptions/5829e5b8-4cfc-4f19-b681-ff3198b496d8/resourceGroups/my-app-resources/providers/Microsoft.Network/virtualNetworks/my-app-vnet/subnets/private-subnet-2",
                "name": "private-subnet-2",
                "security_group": ""
              },
              {
                "address_prefix": "10.0.6.0/24",
                "id": "/subscriptions/5829e5b8-4cfc-4f19-b681-ff3198b496d8/resourceGroups/my-app-resources/providers/Microsoft.Network/virtualNetworks/my-app-vnet/subnets/private-subnet-3",
                "name": "private-subnet-3",
                "security_group": ""
              }
            ],
            "tags": {
              "ENV": "test"
            },
            "timeouts": null
          },
          "sensitive_attributes": [],
          "private": "eyJlMmJmYjczMC1lY2FhLTExZTYtOGY4OC0zNDM2M2JjN2M0YzAiOnsiY3JlYXRlIjoxODAwMDAwMDAwMDAwLCJkZWxldGUiOjE4MDAwMDAwMDAwMDAsInJlYWQiOjMwMDAwMDAwMDAwMCwidXBkYXRlIjoxODAwMDAwMDAwMDAwfX0="
        }
      ]
    }
  ],
  "check_results": null
}
